
Microsoft Visual Studio Solution File, Format Version 12.00
# Visual Studio Version 17
VisualStudioVersion = 17.8.34316.72
MinimumVisualStudioVersion = 10.0.40219.1
Project("{FAE04EC0-301F-11D3-BF4B-00C04F79EFBC}") = "08. Car Engine And Tires", "08. Car Engine And Tires\08. Car Engine And Tires.csproj", "{5FE31893-DB2F-403B-AD29-7D93223A4605}"
EndProject
Global
	GlobalSection(SolutionConfigurationPlatforms) = preSolution
		Debug|Any CPU = Debug|Any CPU
		Release|Any CPU = Release|Any CPU
	EndGlobalSection
	GlobalSection(ProjectConfigurationPlatforms) = postSolution
		{5FE31893-DB2F-403B-AD29-7D93223A4605}.Debug|Any CPU.ActiveCfg = Debug|Any CPU
		{5FE31893-DB2F-403B-AD29-7D93223A4605}.Debug|Any CPU.Build.0 = Debug|Any CPU
		{5FE31893-DB2F-403B-AD29-7D93223A4605}.Release|Any CPU.ActiveCfg = Release|Any CPU
		{5FE31893-DB2F-403B-AD29-7D93223A4605}.Release|Any CPU.Build.0 = Release|Any CPU
	EndGlobalSection
	GlobalSection(SolutionProperties) = preSolution
		HideSolutionNode = FALSE
	EndGlobalSection
	GlobalSection(ExtensibilityGlobals) = postSolution
		SolutionGuid = {406E62E6-690C-4742-854E-BBDA6106213D}
	EndGlobalSection
EndGlobal
