
Microsoft Visual Studio Solution File, Format Version 12.00
# Visual Studio Version 17
VisualStudioVersion = 17.8.34322.80
MinimumVisualStudioVersion = 10.0.40219.1
Project("{FAE04EC0-301F-11D3-BF4B-00C04F79EFBC}") = "01. Square Root", "01. Square Root\01. Square Root.csproj", "{99722D9C-CBC2-46DF-88DF-0F380CD9DC7A}"
EndProject
Global
	GlobalSection(SolutionConfigurationPlatforms) = preSolution
		Debug|Any CPU = Debug|Any CPU
		Release|Any CPU = Release|Any CPU
	EndGlobalSection
	GlobalSection(ProjectConfigurationPlatforms) = postSolution
		{99722D9C-CBC2-46DF-88DF-0F380CD9DC7A}.Debug|Any CPU.ActiveCfg = Debug|Any CPU
		{99722D9C-CBC2-46DF-88DF-0F380CD9DC7A}.Debug|Any CPU.Build.0 = Debug|Any CPU
		{99722D9C-CBC2-46DF-88DF-0F380CD9DC7A}.Release|Any CPU.ActiveCfg = Release|Any CPU
		{99722D9C-CBC2-46DF-88DF-0F380CD9DC7A}.Release|Any CPU.Build.0 = Release|Any CPU
	EndGlobalSection
	GlobalSection(SolutionProperties) = preSolution
		HideSolutionNode = FALSE
	EndGlobalSection
	GlobalSection(ExtensibilityGlobals) = postSolution
		SolutionGuid = {CC34E112-D537-4E7D-BC46-8B82A865EB74}
	EndGlobalSection
EndGlobal
