
Microsoft Visual Studio Solution File, Format Version 12.00
# Visual Studio Version 17
VisualStudioVersion = 17.7.34221.43
MinimumVisualStudioVersion = 10.0.40219.1
Project("{FAE04EC0-301F-11D3-BF4B-00C04F79EFBC}") = "03. Checking for Matches", "03. Checking for Matches\03. Checking for Matches.csproj", "{B35121D1-8FB6-4983-BF64-2B72D793DD6F}"
EndProject
Global
	GlobalSection(SolutionConfigurationPlatforms) = preSolution
		Debug|Any CPU = Debug|Any CPU
		Release|Any CPU = Release|Any CPU
	EndGlobalSection
	GlobalSection(ProjectConfigurationPlatforms) = postSolution
		{B35121D1-8FB6-4983-BF64-2B72D793DD6F}.Debug|Any CPU.ActiveCfg = Debug|Any CPU
		{B35121D1-8FB6-4983-BF64-2B72D793DD6F}.Debug|Any CPU.Build.0 = Debug|Any CPU
		{B35121D1-8FB6-4983-BF64-2B72D793DD6F}.Release|Any CPU.ActiveCfg = Release|Any CPU
		{B35121D1-8FB6-4983-BF64-2B72D793DD6F}.Release|Any CPU.Build.0 = Release|Any CPU
	EndGlobalSection
	GlobalSection(SolutionProperties) = preSolution
		HideSolutionNode = FALSE
	EndGlobalSection
	GlobalSection(ExtensibilityGlobals) = postSolution
		SolutionGuid = {C997221D-4797-40A9-9BC7-C6C670F3DFBF}
	EndGlobalSection
EndGlobal
