
Microsoft Visual Studio Solution File, Format Version 12.00
# Visual Studio Version 17
VisualStudioVersion = 17.8.34309.116
MinimumVisualStudioVersion = 10.0.40219.1
Project("{FAE04EC0-301F-11D3-BF4B-00C04F79EFBC}") = "02. Odd Occurrences", "02. Odd Occurrences\02. Odd Occurrences.csproj", "{3ED4C14C-98E2-410E-AB7B-98BE1A8545DA}"
EndProject
Global
	GlobalSection(SolutionConfigurationPlatforms) = preSolution
		Debug|Any CPU = Debug|Any CPU
		Release|Any CPU = Release|Any CPU
	EndGlobalSection
	GlobalSection(ProjectConfigurationPlatforms) = postSolution
		{3ED4C14C-98E2-410E-AB7B-98BE1A8545DA}.Debug|Any CPU.ActiveCfg = Debug|Any CPU
		{3ED4C14C-98E2-410E-AB7B-98BE1A8545DA}.Debug|Any CPU.Build.0 = Debug|Any CPU
		{3ED4C14C-98E2-410E-AB7B-98BE1A8545DA}.Release|Any CPU.ActiveCfg = Release|Any CPU
		{3ED4C14C-98E2-410E-AB7B-98BE1A8545DA}.Release|Any CPU.Build.0 = Release|Any CPU
	EndGlobalSection
	GlobalSection(SolutionProperties) = preSolution
		HideSolutionNode = FALSE
	EndGlobalSection
	GlobalSection(ExtensibilityGlobals) = postSolution
		SolutionGuid = {B0E37F49-184D-4B4D-A244-9B0DEF464972}
	EndGlobalSection
EndGlobal
