
Microsoft Visual Studio Solution File, Format Version 12.00
# Visual Studio Version 17
VisualStudioVersion = 17.8.34316.72
MinimumVisualStudioVersion = 10.0.40219.1
Project("{FAE04EC0-301F-11D3-BF4B-00C04F79EFBC}") = "10. Articles", "10. Articles\10. Articles.csproj", "{1FCA7D04-D691-48C4-9E45-265219BC7581}"
EndProject
Global
	GlobalSection(SolutionConfigurationPlatforms) = preSolution
		Debug|Any CPU = Debug|Any CPU
		Release|Any CPU = Release|Any CPU
	EndGlobalSection
	GlobalSection(ProjectConfigurationPlatforms) = postSolution
		{1FCA7D04-D691-48C4-9E45-265219BC7581}.Debug|Any CPU.ActiveCfg = Debug|Any CPU
		{1FCA7D04-D691-48C4-9E45-265219BC7581}.Debug|Any CPU.Build.0 = Debug|Any CPU
		{1FCA7D04-D691-48C4-9E45-265219BC7581}.Release|Any CPU.ActiveCfg = Release|Any CPU
		{1FCA7D04-D691-48C4-9E45-265219BC7581}.Release|Any CPU.Build.0 = Release|Any CPU
	EndGlobalSection
	GlobalSection(SolutionProperties) = preSolution
		HideSolutionNode = FALSE
	EndGlobalSection
	GlobalSection(ExtensibilityGlobals) = postSolution
		SolutionGuid = {DA90C675-1422-4209-B1AC-42F037FA2827}
	EndGlobalSection
EndGlobal
