
Microsoft Visual Studio Solution File, Format Version 12.00
# Visual Studio Version 17
VisualStudioVersion = 17.8.34309.116
MinimumVisualStudioVersion = 10.0.40219.1
Project("{FAE04EC0-301F-11D3-BF4B-00C04F79EFBC}") = "01. Count Real Numbers", "01. Count Real Numbers\01. Count Real Numbers.csproj", "{FED0548B-9EB7-4422-9F01-5F76843023BA}"
EndProject
Global
	GlobalSection(SolutionConfigurationPlatforms) = preSolution
		Debug|Any CPU = Debug|Any CPU
		Release|Any CPU = Release|Any CPU
	EndGlobalSection
	GlobalSection(ProjectConfigurationPlatforms) = postSolution
		{FED0548B-9EB7-4422-9F01-5F76843023BA}.Debug|Any CPU.ActiveCfg = Debug|Any CPU
		{FED0548B-9EB7-4422-9F01-5F76843023BA}.Debug|Any CPU.Build.0 = Debug|Any CPU
		{FED0548B-9EB7-4422-9F01-5F76843023BA}.Release|Any CPU.ActiveCfg = Release|Any CPU
		{FED0548B-9EB7-4422-9F01-5F76843023BA}.Release|Any CPU.Build.0 = Release|Any CPU
	EndGlobalSection
	GlobalSection(SolutionProperties) = preSolution
		HideSolutionNode = FALSE
	EndGlobalSection
	GlobalSection(ExtensibilityGlobals) = postSolution
		SolutionGuid = {CCCB5D16-86FC-4C9C-ABBD-74049C863BA9}
	EndGlobalSection
EndGlobal
