
Microsoft Visual Studio Solution File, Format Version 12.00
# Visual Studio Version 17
VisualStudioVersion = 17.7.34221.43
MinimumVisualStudioVersion = 10.0.40219.1
Project("{FAE04EC0-301F-11D3-BF4B-00C04F79EFBC}") = "08. Match Dates", "08. Match Dates\08. Match Dates.csproj", "{BA70B507-6CA3-47A8-8C79-D9A436841A2D}"
EndProject
Global
	GlobalSection(SolutionConfigurationPlatforms) = preSolution
		Debug|Any CPU = Debug|Any CPU
		Release|Any CPU = Release|Any CPU
	EndGlobalSection
	GlobalSection(ProjectConfigurationPlatforms) = postSolution
		{BA70B507-6CA3-47A8-8C79-D9A436841A2D}.Debug|Any CPU.ActiveCfg = Debug|Any CPU
		{BA70B507-6CA3-47A8-8C79-D9A436841A2D}.Debug|Any CPU.Build.0 = Debug|Any CPU
		{BA70B507-6CA3-47A8-8C79-D9A436841A2D}.Release|Any CPU.ActiveCfg = Release|Any CPU
		{BA70B507-6CA3-47A8-8C79-D9A436841A2D}.Release|Any CPU.Build.0 = Release|Any CPU
	EndGlobalSection
	GlobalSection(SolutionProperties) = preSolution
		HideSolutionNode = FALSE
	EndGlobalSection
	GlobalSection(ExtensibilityGlobals) = postSolution
		SolutionGuid = {16BFBE93-4B7B-4D1D-85C7-9E2D20CFDB57}
	EndGlobalSection
EndGlobal
